
Microsoft Visual Studio Solution File, Format Version 12.00
# Visual Studio Version 16
VisualStudioVersion = 16.0.34729.46
MinimumVisualStudioVersion = 10.0.40219.1
Project("{FAE04EC0-301F-11D3-BF4B-00C04F79EFBC}") = "Mai doga", "Mai doga\Mai doga.csproj", "{AF111429-E1E0-404D-BBE8-0E5075BED092}"
EndProject
Global
	GlobalSection(SolutionConfigurationPlatforms) = preSolution
		Debug|Any CPU = Debug|Any CPU
		Release|Any CPU = Release|Any CPU
	EndGlobalSection
	GlobalSection(ProjectConfigurationPlatforms) = postSolution
		{AF111429-E1E0-404D-BBE8-0E5075BED092}.Debug|Any CPU.ActiveCfg = Debug|Any CPU
		{AF111429-E1E0-404D-BBE8-0E5075BED092}.Debug|Any CPU.Build.0 = Debug|Any CPU
		{AF111429-E1E0-404D-BBE8-0E5075BED092}.Release|Any CPU.ActiveCfg = Release|Any CPU
		{AF111429-E1E0-404D-BBE8-0E5075BED092}.Release|Any CPU.Build.0 = Release|Any CPU
	EndGlobalSection
	GlobalSection(SolutionProperties) = preSolution
		HideSolutionNode = FALSE
	EndGlobalSection
	GlobalSection(ExtensibilityGlobals) = postSolution
		SolutionGuid = {EA3D9ECB-B5F1-4263-BCA9-F78E14057057}
	EndGlobalSection
EndGlobal
